{
  "name": "root",
  "version": "0.0.1",
  "lockfileVersion": 3,
  "requires": true,
  "packages": {
    "": {
      "name": "root",
      "version": "0.0.1",
      "dependencies": {
        "uniffi-bindgen-react-native": "^0.30.0-1"
      },
      "devDependencies": {
        "@types/node": "^25.5.0"
      }
    },
    "node_modules/@types/node": {
      "version": "25.5.0",
      "resolved": "https://registry.npmjs.org/@types/node/-/node-25.5.0.tgz",
      "integrity": "sha512-jp2P3tQMSxWugkCUKLRPVUpGaL5MVFwF8RDuSRztfwgN1wmqJeMSbKlnEtQqU8UrhTmzEmZdu2I6v2dpp7XIxw==",
      "dev": true,
      "license": "MIT",
      "dependencies": {
        "undici-types": "~7.18.0"
      }
    },
    "node_modules/undici-types": {
      "version": "7.18.2",
      "resolved": "https://registry.npmjs.org/undici-types/-/undici-types-7.18.2.tgz",
      "integrity": "sha512-AsuCzffGHJybSaRrmr5eHr81mwJU3kjw6M+uprWvCXiNeN9SOGwQ3Jn8jb8m3Z6izVgknn1R0FTCEAP2QrLY/w==",
      "dev": true,
      "license": "MIT"
    },
    "node_modules/uniffi-bindgen-react-native": {
      "version": "0.30.0-1",
      "resolved": "https://registry.npmjs.org/uniffi-bindgen-react-native/-/uniffi-bindgen-react-native-0.30.0-1.tgz",
      "integrity": "sha512-rffyNPTQ2qFx7deaLXYVBhXcy4pDrjtEc28Pc1Rwt532IGEQquT7eNvvLKIgX6G5xODi6Yfni1zFs5u+O2QL1A==",
      "license": "MPL-2.0",
      "bin": {
        "ubrn": "bin/cli.cjs",
        "uniffi-bindgen-react-native": "bin/cli.cjs"
      }
    }
  }
}
